<?xml version="1.0" encoding="utf-8"?>
<Project ToolsVersion="4.0" xmlns="http://schemas.microsoft.com/developer/msbuild/2003">
  <ItemGroup>
    <Filter Include="Source Files">
      <UniqueIdentifier>{4FC737F1-C7A5-4376-A066-2A32D752A2FF}</UniqueIdentifier>
      <Extensions>cpp;c;cc;cxx;def;odl;idl;hpj;bat;asm;asmx</Extensions>
    </Filter>
    <Filter Include="Header Files">
      <UniqueIdentifier>{93995380-89BD-4b04-88EB-625FBE52EBFB}</UniqueIdentifier>
      <Extensions>h;hpp;hxx;hm;inl;inc;xsd</Extensions>
    </Filter>
    <Filter Include="Resource Files">
      <UniqueIdentifier>{67DA6AB6-F800-4c08-8B7A-83BB121AAD01}</UniqueIdentifier>
      <Extensions>rc;ico;cur;bmp;dlg;rc2;rct;bin;rgs;gif;jpg;jpeg;jpe;resx;tiff;tif;png;wav;mfcribbon-ms</Extensions>
    </Filter>
  </ItemGroup>
  <ItemGroup>
    <ClCompile Include="main.cpp">
      <Filter>Source Files</Filter>
    </ClCompile>
    <ClCompile Include="RequestByebyeReactor.cpp">
      <Filter>Source Files</Filter>
    </ClCompile>
    <ClCompile Include="RequestCreateWorldReactor.cpp">
      <Filter>Source Files</Filter>
    </ClCompile>
    <ClCompile Include="RequestErrorReactor.cpp">
      <Filter>Source Files</Filter>
    </ClCompile>
    <ClCompile Include="RequestGetSceneReactor.cpp">
      <Filter>Source Files</Filter>
    </ClCompile>
    <ClCompile Include="RequestGetVersionReactor.cpp">
      <Filter>Source Files</Filter>
    </ClCompile>
    <ClCompile Include="StreetGangBinaryDispatcher.cpp">
      <Filter>Source Files</Filter>
    </ClCompile>
    <ClCompile Include="StreetGangPBDispatcher.cpp">
      <Filter>Source Files</Filter>
    </ClCompile>
    <ClCompile Include="StreetGangRestService.cpp">
      <Filter>Source Files</Filter>
    </ClCompile>
    <ClCompile Include="StreetGangService.cpp">
      <Filter>Source Files</Filter>
    </ClCompile>
    <ClCompile Include="StreetGangSessionManager.cpp">
      <Filter>Source Files</Filter>
    </ClCompile>
    <ClCompile Include="WorldServiceProvider.cpp">
      <Filter>Source Files</Filter>
    </ClCompile>
  </ItemGroup>
  <ItemGroup>
    <ClInclude Include="RequestByebyeReactor.h">
      <Filter>Header Files</Filter>
    </ClInclude>
    <ClInclude Include="RequestCreateWorldReactor.h">
      <Filter>Header Files</Filter>
    </ClInclude>
    <ClInclude Include="RequestErrorReactor.h">
      <Filter>Header Files</Filter>
    </ClInclude>
    <ClInclude Include="RequestGetSceneReactor.h">
      <Filter>Header Files</Filter>
    </ClInclude>
    <ClInclude Include="RequestGetVersionReactor.h">
      <Filter>Header Files</Filter>
    </ClInclude>
    <ClInclude Include="StreetGangBinaryDispatcher.h">
      <Filter>Header Files</Filter>
    </ClInclude>
    <ClInclude Include="StreetGangPBDispatcher.h">
      <Filter>Header Files</Filter>
    </ClInclude>
    <ClInclude Include="StreetGangRestService.h">
      <Filter>Header Files</Filter>
    </ClInclude>
    <ClInclude Include="StreetGangService.h">
      <Filter>Header Files</Filter>
    </ClInclude>
    <ClInclude Include="StreetGangSessionManager.h">
      <Filter>Header Files</Filter>
    </ClInclude>
    <ClInclude Include="WorldServiceProvider.h">
      <Filter>Header Files</Filter>
    </ClInclude>
  </ItemGroup>
</Project>