<?xml version="1.0" encoding="utf-8"?>
<Project ToolsVersion="4.0" xmlns="http://schemas.microsoft.com/developer/msbuild/2003">
  <ItemGroup>
    <Filter Include="Source Files">
      <UniqueIdentifier>{51349CC3-0E53-420F-8521-192B1D371C19}</UniqueIdentifier>
      <Extensions>cpp;c;cc;cxx;def;odl;idl;hpj;bat;asm;asmx</Extensions>
    </Filter>
    <Filter Include="Header Files">
      <UniqueIdentifier>{C1BBDE35-6877-46C8-80D5-ED6A5D8ACED4}</UniqueIdentifier>
      <Extensions>h;hpp;hxx;hm;inl;inc;xsd</Extensions>
    </Filter>
    <Filter Include="Resource Files">
      <UniqueIdentifier>{A84E2D4E-BAF0-4B38-B409-70B408922BD7}</UniqueIdentifier>
      <Extensions>rc;ico;cur;bmp;dlg;rc2;rct;bin;rgs;gif;jpg;jpeg;jpe;resx;tiff;tif;png;wav;mfcribbon-ms</Extensions>
    </Filter>
  </ItemGroup>
  <ItemGroup>
    <ClCompile Include="main.cpp">
      <Filter>Source Files</Filter>
    </ClCompile>
    <ClCompile Include="GetFileReactor.cpp">
      <Filter>Source Files</Filter>
    </ClCompile>
    <ClCompile Include="SimpleWebService.cpp">
      <Filter>Source Files</Filter>
    </ClCompile>
    <ClCompile Include="GetFileMessage.cpp">
      <Filter>Source Files</Filter>
    </ClCompile>
  </ItemGroup>
  <ItemGroup>
    <ClInclude Include="GetFileReactor.h">
      <Filter>Header Files</Filter>
    </ClInclude>
    <ClInclude Include="SimpleWebService.h">
      <Filter>Header Files</Filter>
    </ClInclude>
    <ClInclude Include="GetFileMessage.h">
      <Filter>Header Files</Filter>
    </ClInclude>
  </ItemGroup>
</Project>