
Microsoft Visual Studio Solution File, Format Version 12.00
# Visual Studio 14
VisualStudioVersion = 14.0.25420.1
MinimumVisualStudioVersion = 10.0.40219.1
Project("{8BC9CEB8-8B4A-11D0-8D11-00A0C91BC942}") = "microreactor", "microreactor\microreactor.vcxproj", "{A9A1B3AB-570F-46A3-BE5B-4B5551E90E6B}"
EndProject
Project("{8BC9CEB8-8B4A-11D0-8D11-00A0C91BC942}") = "bouncer", "example\bouncer\bouncer.vcxproj", "{F83AF45F-8CC7-4EE8-B95A-2CE6D2BD5C9B}"
	ProjectSection(ProjectDependencies) = postProject
		{A9A1B3AB-570F-46A3-BE5B-4B5551E90E6B} = {A9A1B3AB-570F-46A3-BE5B-4B5551E90E6B}
	EndProjectSection
EndProject
Project("{8BC9CEB8-8B4A-11D0-8D11-00A0C91BC942}") = "discoveryservice", "example\discoveryservice\discoveryservice.vcxproj", "{A1CF5343-D95A-4247-A634-897BD8DB454E}"
	ProjectSection(ProjectDependencies) = postProject
		{A9A1B3AB-570F-46A3-BE5B-4B5551E90E6B} = {A9A1B3AB-570F-46A3-BE5B-4B5551E90E6B}
	EndProjectSection
EndProject
Project("{8BC9CEB8-8B4A-11D0-8D11-00A0C91BC942}") = "metricator", "example\metricator\metricator.vcxproj", "{BEA86BF1-CDE6-41E0-AB13-014DD329BD27}"
	ProjectSection(ProjectDependencies) = postProject
		{A1CF5343-D95A-4247-A634-897BD8DB454E} = {A1CF5343-D95A-4247-A634-897BD8DB454E}
		{413C7965-2700-4619-A353-681891E20AF2} = {413C7965-2700-4619-A353-681891E20AF2}
	EndProjectSection
EndProject
Project("{8BC9CEB8-8B4A-11D0-8D11-00A0C91BC942}") = "metricatorapi", "example\metricatorapi\metricatorapi.vcxproj", "{413C7965-2700-4619-A353-681891E20AF2}"
	ProjectSection(ProjectDependencies) = postProject
		{A9A1B3AB-570F-46A3-BE5B-4B5551E90E6B} = {A9A1B3AB-570F-46A3-BE5B-4B5551E90E6B}
	EndProjectSection
EndProject
Project("{8BC9CEB8-8B4A-11D0-8D11-00A0C91BC942}") = "simplewebserver", "example\simplewebserver\simplewebserver.vcxproj", "{1354265D-CEC7-4B71-9D56-1978F779432F}"
	ProjectSection(ProjectDependencies) = postProject
		{A9A1B3AB-570F-46A3-BE5B-4B5551E90E6B} = {A9A1B3AB-570F-46A3-BE5B-4B5551E90E6B}
	EndProjectSection
EndProject
Project("{8BC9CEB8-8B4A-11D0-8D11-00A0C91BC942}") = "streetgangapi", "example\streetgangapi\streetgangapi.vcxproj", "{4759B4AB-DCD8-443E-91BA-BE9E5E15A106}"
	ProjectSection(ProjectDependencies) = postProject
		{A9A1B3AB-570F-46A3-BE5B-4B5551E90E6B} = {A9A1B3AB-570F-46A3-BE5B-4B5551E90E6B}
	EndProjectSection
EndProject
Project("{8BC9CEB8-8B4A-11D0-8D11-00A0C91BC942}") = "streetgangclient", "example\streetgangclient\streetgangclient.vcxproj", "{ED091D45-4D22-420D-A0DA-C8CCD97AFB33}"
	ProjectSection(ProjectDependencies) = postProject
		{4759B4AB-DCD8-443E-91BA-BE9E5E15A106} = {4759B4AB-DCD8-443E-91BA-BE9E5E15A106}
	EndProjectSection
EndProject
Project("{8BC9CEB8-8B4A-11D0-8D11-00A0C91BC942}") = "streetgangserver", "example\streetgangserver\streetgangserver.vcxproj", "{9BB77B5E-1F94-49F9-8307-D8696B8310A1}"
	ProjectSection(ProjectDependencies) = postProject
		{A1CF5343-D95A-4247-A634-897BD8DB454E} = {A1CF5343-D95A-4247-A634-897BD8DB454E}
		{AF019657-B45E-4FA0-B7AC-83CCDA7AAAEA} = {AF019657-B45E-4FA0-B7AC-83CCDA7AAAEA}
		{413C7965-2700-4619-A353-681891E20AF2} = {413C7965-2700-4619-A353-681891E20AF2}
		{4759B4AB-DCD8-443E-91BA-BE9E5E15A106} = {4759B4AB-DCD8-443E-91BA-BE9E5E15A106}
	EndProjectSection
EndProject
Project("{8BC9CEB8-8B4A-11D0-8D11-00A0C91BC942}") = "worldapi", "example\worldapi\worldapi.vcxproj", "{AF019657-B45E-4FA0-B7AC-83CCDA7AAAEA}"
	ProjectSection(ProjectDependencies) = postProject
		{A9A1B3AB-570F-46A3-BE5B-4B5551E90E6B} = {A9A1B3AB-570F-46A3-BE5B-4B5551E90E6B}
	EndProjectSection
EndProject
Project("{8BC9CEB8-8B4A-11D0-8D11-00A0C91BC942}") = "worldserver", "example\worldserver\worldserver.vcxproj", "{C8FDD90F-36A8-4720-8FA3-A7787F38C4CE}"
	ProjectSection(ProjectDependencies) = postProject
		{AF019657-B45E-4FA0-B7AC-83CCDA7AAAEA} = {AF019657-B45E-4FA0-B7AC-83CCDA7AAAEA}
	EndProjectSection
EndProject
Global
	GlobalSection(SolutionConfigurationPlatforms) = preSolution
		Check|ARM = Check|ARM
		Check|x64 = Check|x64
		Check|x86 = Check|x86
		Debug|ARM = Debug|ARM
		Debug|x64 = Debug|x64
		Debug|x86 = Debug|x86
		Release|ARM = Release|ARM
		Release|x64 = Release|x64
		Release|x86 = Release|x86
	EndGlobalSection
	GlobalSection(ProjectConfigurationPlatforms) = postSolution
		{A9A1B3AB-570F-46A3-BE5B-4B5551E90E6B}.Check|ARM.ActiveCfg = Check|Win32
		{A9A1B3AB-570F-46A3-BE5B-4B5551E90E6B}.Check|x64.ActiveCfg = Check|x64
		{A9A1B3AB-570F-46A3-BE5B-4B5551E90E6B}.Check|x64.Build.0 = Check|x64
		{A9A1B3AB-570F-46A3-BE5B-4B5551E90E6B}.Check|x86.ActiveCfg = Check|Win32
		{A9A1B3AB-570F-46A3-BE5B-4B5551E90E6B}.Check|x86.Build.0 = Check|Win32
		{A9A1B3AB-570F-46A3-BE5B-4B5551E90E6B}.Debug|ARM.ActiveCfg = Debug|Win32
		{A9A1B3AB-570F-46A3-BE5B-4B5551E90E6B}.Debug|x64.ActiveCfg = Debug|x64
		{A9A1B3AB-570F-46A3-BE5B-4B5551E90E6B}.Debug|x64.Build.0 = Debug|x64
		{A9A1B3AB-570F-46A3-BE5B-4B5551E90E6B}.Debug|x86.ActiveCfg = Debug|Win32
		{A9A1B3AB-570F-46A3-BE5B-4B5551E90E6B}.Debug|x86.Build.0 = Debug|Win32
		{A9A1B3AB-570F-46A3-BE5B-4B5551E90E6B}.Release|ARM.ActiveCfg = Release|Win32
		{A9A1B3AB-570F-46A3-BE5B-4B5551E90E6B}.Release|x64.ActiveCfg = Release|x64
		{A9A1B3AB-570F-46A3-BE5B-4B5551E90E6B}.Release|x64.Build.0 = Release|x64
		{A9A1B3AB-570F-46A3-BE5B-4B5551E90E6B}.Release|x86.ActiveCfg = Release|Win32
		{A9A1B3AB-570F-46A3-BE5B-4B5551E90E6B}.Release|x86.Build.0 = Release|Win32
		{F83AF45F-8CC7-4EE8-B95A-2CE6D2BD5C9B}.Check|ARM.ActiveCfg = Release|x64
		{F83AF45F-8CC7-4EE8-B95A-2CE6D2BD5C9B}.Check|ARM.Build.0 = Release|x64
		{F83AF45F-8CC7-4EE8-B95A-2CE6D2BD5C9B}.Check|x64.ActiveCfg = Release|x64
		{F83AF45F-8CC7-4EE8-B95A-2CE6D2BD5C9B}.Check|x64.Build.0 = Release|x64
		{F83AF45F-8CC7-4EE8-B95A-2CE6D2BD5C9B}.Check|x86.ActiveCfg = Release|Win32
		{F83AF45F-8CC7-4EE8-B95A-2CE6D2BD5C9B}.Check|x86.Build.0 = Release|Win32
		{F83AF45F-8CC7-4EE8-B95A-2CE6D2BD5C9B}.Debug|ARM.ActiveCfg = Debug|Win32
		{F83AF45F-8CC7-4EE8-B95A-2CE6D2BD5C9B}.Debug|x64.ActiveCfg = Debug|x64
		{F83AF45F-8CC7-4EE8-B95A-2CE6D2BD5C9B}.Debug|x64.Build.0 = Debug|x64
		{F83AF45F-8CC7-4EE8-B95A-2CE6D2BD5C9B}.Debug|x86.ActiveCfg = Debug|Win32
		{F83AF45F-8CC7-4EE8-B95A-2CE6D2BD5C9B}.Debug|x86.Build.0 = Debug|Win32
		{F83AF45F-8CC7-4EE8-B95A-2CE6D2BD5C9B}.Release|ARM.ActiveCfg = Release|Win32
		{F83AF45F-8CC7-4EE8-B95A-2CE6D2BD5C9B}.Release|x64.ActiveCfg = Release|x64
		{F83AF45F-8CC7-4EE8-B95A-2CE6D2BD5C9B}.Release|x64.Build.0 = Release|x64
		{F83AF45F-8CC7-4EE8-B95A-2CE6D2BD5C9B}.Release|x86.ActiveCfg = Release|Win32
		{F83AF45F-8CC7-4EE8-B95A-2CE6D2BD5C9B}.Release|x86.Build.0 = Release|Win32
		{A1CF5343-D95A-4247-A634-897BD8DB454E}.Check|ARM.ActiveCfg = Check|ARM
		{A1CF5343-D95A-4247-A634-897BD8DB454E}.Check|ARM.Build.0 = Check|ARM
		{A1CF5343-D95A-4247-A634-897BD8DB454E}.Check|x64.ActiveCfg = Check|x64
		{A1CF5343-D95A-4247-A634-897BD8DB454E}.Check|x64.Build.0 = Check|x64
		{A1CF5343-D95A-4247-A634-897BD8DB454E}.Check|x86.ActiveCfg = Check|Win32
		{A1CF5343-D95A-4247-A634-897BD8DB454E}.Check|x86.Build.0 = Check|Win32
		{A1CF5343-D95A-4247-A634-897BD8DB454E}.Debug|ARM.ActiveCfg = Debug|ARM
		{A1CF5343-D95A-4247-A634-897BD8DB454E}.Debug|ARM.Build.0 = Debug|ARM
		{A1CF5343-D95A-4247-A634-897BD8DB454E}.Debug|x64.ActiveCfg = Debug|x64
		{A1CF5343-D95A-4247-A634-897BD8DB454E}.Debug|x64.Build.0 = Debug|x64
		{A1CF5343-D95A-4247-A634-897BD8DB454E}.Debug|x86.ActiveCfg = Debug|Win32
		{A1CF5343-D95A-4247-A634-897BD8DB454E}.Debug|x86.Build.0 = Debug|Win32
		{A1CF5343-D95A-4247-A634-897BD8DB454E}.Release|ARM.ActiveCfg = Release|ARM
		{A1CF5343-D95A-4247-A634-897BD8DB454E}.Release|ARM.Build.0 = Release|ARM
		{A1CF5343-D95A-4247-A634-897BD8DB454E}.Release|x64.ActiveCfg = Release|x64
		{A1CF5343-D95A-4247-A634-897BD8DB454E}.Release|x64.Build.0 = Release|x64
		{A1CF5343-D95A-4247-A634-897BD8DB454E}.Release|x86.ActiveCfg = Release|Win32
		{A1CF5343-D95A-4247-A634-897BD8DB454E}.Release|x86.Build.0 = Release|Win32
		{BEA86BF1-CDE6-41E0-AB13-014DD329BD27}.Check|ARM.ActiveCfg = Check|ARM
		{BEA86BF1-CDE6-41E0-AB13-014DD329BD27}.Check|ARM.Build.0 = Check|ARM
		{BEA86BF1-CDE6-41E0-AB13-014DD329BD27}.Check|x64.ActiveCfg = Check|x64
		{BEA86BF1-CDE6-41E0-AB13-014DD329BD27}.Check|x64.Build.0 = Check|x64
		{BEA86BF1-CDE6-41E0-AB13-014DD329BD27}.Check|x86.ActiveCfg = Check|Win32
		{BEA86BF1-CDE6-41E0-AB13-014DD329BD27}.Check|x86.Build.0 = Check|Win32
		{BEA86BF1-CDE6-41E0-AB13-014DD329BD27}.Debug|ARM.ActiveCfg = Debug|ARM
		{BEA86BF1-CDE6-41E0-AB13-014DD329BD27}.Debug|ARM.Build.0 = Debug|ARM
		{BEA86BF1-CDE6-41E0-AB13-014DD329BD27}.Debug|x64.ActiveCfg = Debug|x64
		{BEA86BF1-CDE6-41E0-AB13-014DD329BD27}.Debug|x64.Build.0 = Debug|x64
		{BEA86BF1-CDE6-41E0-AB13-014DD329BD27}.Debug|x86.ActiveCfg = Debug|Win32
		{BEA86BF1-CDE6-41E0-AB13-014DD329BD27}.Debug|x86.Build.0 = Debug|Win32
		{BEA86BF1-CDE6-41E0-AB13-014DD329BD27}.Release|ARM.ActiveCfg = Release|ARM
		{BEA86BF1-CDE6-41E0-AB13-014DD329BD27}.Release|ARM.Build.0 = Release|ARM
		{BEA86BF1-CDE6-41E0-AB13-014DD329BD27}.Release|x64.ActiveCfg = Release|x64
		{BEA86BF1-CDE6-41E0-AB13-014DD329BD27}.Release|x64.Build.0 = Release|x64
		{BEA86BF1-CDE6-41E0-AB13-014DD329BD27}.Release|x86.ActiveCfg = Release|Win32
		{BEA86BF1-CDE6-41E0-AB13-014DD329BD27}.Release|x86.Build.0 = Release|Win32
		{413C7965-2700-4619-A353-681891E20AF2}.Check|ARM.ActiveCfg = Check|ARM
		{413C7965-2700-4619-A353-681891E20AF2}.Check|ARM.Build.0 = Check|ARM
		{413C7965-2700-4619-A353-681891E20AF2}.Check|x64.ActiveCfg = Check|x64
		{413C7965-2700-4619-A353-681891E20AF2}.Check|x64.Build.0 = Check|x64
		{413C7965-2700-4619-A353-681891E20AF2}.Check|x86.ActiveCfg = Check|Win32
		{413C7965-2700-4619-A353-681891E20AF2}.Check|x86.Build.0 = Check|Win32
		{413C7965-2700-4619-A353-681891E20AF2}.Debug|ARM.ActiveCfg = Debug|ARM
		{413C7965-2700-4619-A353-681891E20AF2}.Debug|ARM.Build.0 = Debug|ARM
		{413C7965-2700-4619-A353-681891E20AF2}.Debug|x64.ActiveCfg = Debug|x64
		{413C7965-2700-4619-A353-681891E20AF2}.Debug|x64.Build.0 = Debug|x64
		{413C7965-2700-4619-A353-681891E20AF2}.Debug|x86.ActiveCfg = Debug|Win32
		{413C7965-2700-4619-A353-681891E20AF2}.Debug|x86.Build.0 = Debug|Win32
		{413C7965-2700-4619-A353-681891E20AF2}.Release|ARM.ActiveCfg = Release|ARM
		{413C7965-2700-4619-A353-681891E20AF2}.Release|ARM.Build.0 = Release|ARM
		{413C7965-2700-4619-A353-681891E20AF2}.Release|x64.ActiveCfg = Release|x64
		{413C7965-2700-4619-A353-681891E20AF2}.Release|x64.Build.0 = Release|x64
		{413C7965-2700-4619-A353-681891E20AF2}.Release|x86.ActiveCfg = Release|Win32
		{413C7965-2700-4619-A353-681891E20AF2}.Release|x86.Build.0 = Release|Win32
		{1354265D-CEC7-4B71-9D56-1978F779432F}.Check|ARM.ActiveCfg = Check|ARM
		{1354265D-CEC7-4B71-9D56-1978F779432F}.Check|ARM.Build.0 = Check|ARM
		{1354265D-CEC7-4B71-9D56-1978F779432F}.Check|x64.ActiveCfg = Check|x64
		{1354265D-CEC7-4B71-9D56-1978F779432F}.Check|x64.Build.0 = Check|x64
		{1354265D-CEC7-4B71-9D56-1978F779432F}.Check|x86.ActiveCfg = Check|Win32
		{1354265D-CEC7-4B71-9D56-1978F779432F}.Check|x86.Build.0 = Check|Win32
		{1354265D-CEC7-4B71-9D56-1978F779432F}.Debug|ARM.ActiveCfg = Debug|ARM
		{1354265D-CEC7-4B71-9D56-1978F779432F}.Debug|ARM.Build.0 = Debug|ARM
		{1354265D-CEC7-4B71-9D56-1978F779432F}.Debug|x64.ActiveCfg = Debug|x64
		{1354265D-CEC7-4B71-9D56-1978F779432F}.Debug|x64.Build.0 = Debug|x64
		{1354265D-CEC7-4B71-9D56-1978F779432F}.Debug|x86.ActiveCfg = Debug|Win32
		{1354265D-CEC7-4B71-9D56-1978F779432F}.Debug|x86.Build.0 = Debug|Win32
		{1354265D-CEC7-4B71-9D56-1978F779432F}.Release|ARM.ActiveCfg = Release|ARM
		{1354265D-CEC7-4B71-9D56-1978F779432F}.Release|ARM.Build.0 = Release|ARM
		{1354265D-CEC7-4B71-9D56-1978F779432F}.Release|x64.ActiveCfg = Release|x64
		{1354265D-CEC7-4B71-9D56-1978F779432F}.Release|x64.Build.0 = Release|x64
		{1354265D-CEC7-4B71-9D56-1978F779432F}.Release|x86.ActiveCfg = Release|Win32
		{1354265D-CEC7-4B71-9D56-1978F779432F}.Release|x86.Build.0 = Release|Win32
		{4759B4AB-DCD8-443E-91BA-BE9E5E15A106}.Check|ARM.ActiveCfg = Check|ARM
		{4759B4AB-DCD8-443E-91BA-BE9E5E15A106}.Check|ARM.Build.0 = Check|ARM
		{4759B4AB-DCD8-443E-91BA-BE9E5E15A106}.Check|x64.ActiveCfg = Check|x64
		{4759B4AB-DCD8-443E-91BA-BE9E5E15A106}.Check|x64.Build.0 = Check|x64
		{4759B4AB-DCD8-443E-91BA-BE9E5E15A106}.Check|x86.ActiveCfg = Check|Win32
		{4759B4AB-DCD8-443E-91BA-BE9E5E15A106}.Check|x86.Build.0 = Check|Win32
		{4759B4AB-DCD8-443E-91BA-BE9E5E15A106}.Debug|ARM.ActiveCfg = Debug|ARM
		{4759B4AB-DCD8-443E-91BA-BE9E5E15A106}.Debug|ARM.Build.0 = Debug|ARM
		{4759B4AB-DCD8-443E-91BA-BE9E5E15A106}.Debug|x64.ActiveCfg = Debug|x64
		{4759B4AB-DCD8-443E-91BA-BE9E5E15A106}.Debug|x64.Build.0 = Debug|x64
		{4759B4AB-DCD8-443E-91BA-BE9E5E15A106}.Debug|x86.ActiveCfg = Debug|Win32
		{4759B4AB-DCD8-443E-91BA-BE9E5E15A106}.Debug|x86.Build.0 = Debug|Win32
		{4759B4AB-DCD8-443E-91BA-BE9E5E15A106}.Release|ARM.ActiveCfg = Release|ARM
		{4759B4AB-DCD8-443E-91BA-BE9E5E15A106}.Release|ARM.Build.0 = Release|ARM
		{4759B4AB-DCD8-443E-91BA-BE9E5E15A106}.Release|x64.ActiveCfg = Release|x64
		{4759B4AB-DCD8-443E-91BA-BE9E5E15A106}.Release|x64.Build.0 = Release|x64
		{4759B4AB-DCD8-443E-91BA-BE9E5E15A106}.Release|x86.ActiveCfg = Release|Win32
		{4759B4AB-DCD8-443E-91BA-BE9E5E15A106}.Release|x86.Build.0 = Release|Win32
		{ED091D45-4D22-420D-A0DA-C8CCD97AFB33}.Check|ARM.ActiveCfg = Check|ARM
		{ED091D45-4D22-420D-A0DA-C8CCD97AFB33}.Check|ARM.Build.0 = Check|ARM
		{ED091D45-4D22-420D-A0DA-C8CCD97AFB33}.Check|x64.ActiveCfg = Check|x64
		{ED091D45-4D22-420D-A0DA-C8CCD97AFB33}.Check|x64.Build.0 = Check|x64
		{ED091D45-4D22-420D-A0DA-C8CCD97AFB33}.Check|x86.ActiveCfg = Check|Win32
		{ED091D45-4D22-420D-A0DA-C8CCD97AFB33}.Check|x86.Build.0 = Check|Win32
		{ED091D45-4D22-420D-A0DA-C8CCD97AFB33}.Debug|ARM.ActiveCfg = Debug|ARM
		{ED091D45-4D22-420D-A0DA-C8CCD97AFB33}.Debug|ARM.Build.0 = Debug|ARM
		{ED091D45-4D22-420D-A0DA-C8CCD97AFB33}.Debug|x64.ActiveCfg = Debug|x64
		{ED091D45-4D22-420D-A0DA-C8CCD97AFB33}.Debug|x64.Build.0 = Debug|x64
		{ED091D45-4D22-420D-A0DA-C8CCD97AFB33}.Debug|x86.ActiveCfg = Debug|Win32
		{ED091D45-4D22-420D-A0DA-C8CCD97AFB33}.Debug|x86.Build.0 = Debug|Win32
		{ED091D45-4D22-420D-A0DA-C8CCD97AFB33}.Release|ARM.ActiveCfg = Release|ARM
		{ED091D45-4D22-420D-A0DA-C8CCD97AFB33}.Release|ARM.Build.0 = Release|ARM
		{ED091D45-4D22-420D-A0DA-C8CCD97AFB33}.Release|x64.ActiveCfg = Release|x64
		{ED091D45-4D22-420D-A0DA-C8CCD97AFB33}.Release|x64.Build.0 = Release|x64
		{ED091D45-4D22-420D-A0DA-C8CCD97AFB33}.Release|x86.ActiveCfg = Release|Win32
		{ED091D45-4D22-420D-A0DA-C8CCD97AFB33}.Release|x86.Build.0 = Release|Win32
		{9BB77B5E-1F94-49F9-8307-D8696B8310A1}.Check|ARM.ActiveCfg = Check|ARM
		{9BB77B5E-1F94-49F9-8307-D8696B8310A1}.Check|ARM.Build.0 = Check|ARM
		{9BB77B5E-1F94-49F9-8307-D8696B8310A1}.Check|x64.ActiveCfg = Check|x64
		{9BB77B5E-1F94-49F9-8307-D8696B8310A1}.Check|x64.Build.0 = Check|x64
		{9BB77B5E-1F94-49F9-8307-D8696B8310A1}.Check|x86.ActiveCfg = Check|Win32
		{9BB77B5E-1F94-49F9-8307-D8696B8310A1}.Check|x86.Build.0 = Check|Win32
		{9BB77B5E-1F94-49F9-8307-D8696B8310A1}.Debug|ARM.ActiveCfg = Debug|ARM
		{9BB77B5E-1F94-49F9-8307-D8696B8310A1}.Debug|ARM.Build.0 = Debug|ARM
		{9BB77B5E-1F94-49F9-8307-D8696B8310A1}.Debug|x64.ActiveCfg = Debug|x64
		{9BB77B5E-1F94-49F9-8307-D8696B8310A1}.Debug|x64.Build.0 = Debug|x64
		{9BB77B5E-1F94-49F9-8307-D8696B8310A1}.Debug|x86.ActiveCfg = Debug|Win32
		{9BB77B5E-1F94-49F9-8307-D8696B8310A1}.Debug|x86.Build.0 = Debug|Win32
		{9BB77B5E-1F94-49F9-8307-D8696B8310A1}.Release|ARM.ActiveCfg = Release|ARM
		{9BB77B5E-1F94-49F9-8307-D8696B8310A1}.Release|ARM.Build.0 = Release|ARM
		{9BB77B5E-1F94-49F9-8307-D8696B8310A1}.Release|x64.ActiveCfg = Release|x64
		{9BB77B5E-1F94-49F9-8307-D8696B8310A1}.Release|x64.Build.0 = Release|x64
		{9BB77B5E-1F94-49F9-8307-D8696B8310A1}.Release|x86.ActiveCfg = Release|Win32
		{9BB77B5E-1F94-49F9-8307-D8696B8310A1}.Release|x86.Build.0 = Release|Win32
		{AF019657-B45E-4FA0-B7AC-83CCDA7AAAEA}.Check|ARM.ActiveCfg = Check|ARM
		{AF019657-B45E-4FA0-B7AC-83CCDA7AAAEA}.Check|ARM.Build.0 = Check|ARM
		{AF019657-B45E-4FA0-B7AC-83CCDA7AAAEA}.Check|x64.ActiveCfg = Check|x64
		{AF019657-B45E-4FA0-B7AC-83CCDA7AAAEA}.Check|x64.Build.0 = Check|x64
		{AF019657-B45E-4FA0-B7AC-83CCDA7AAAEA}.Check|x86.ActiveCfg = Check|Win32
		{AF019657-B45E-4FA0-B7AC-83CCDA7AAAEA}.Check|x86.Build.0 = Check|Win32
		{AF019657-B45E-4FA0-B7AC-83CCDA7AAAEA}.Debug|ARM.ActiveCfg = Debug|ARM
		{AF019657-B45E-4FA0-B7AC-83CCDA7AAAEA}.Debug|ARM.Build.0 = Debug|ARM
		{AF019657-B45E-4FA0-B7AC-83CCDA7AAAEA}.Debug|x64.ActiveCfg = Debug|x64
		{AF019657-B45E-4FA0-B7AC-83CCDA7AAAEA}.Debug|x64.Build.0 = Debug|x64
		{AF019657-B45E-4FA0-B7AC-83CCDA7AAAEA}.Debug|x86.ActiveCfg = Debug|Win32
		{AF019657-B45E-4FA0-B7AC-83CCDA7AAAEA}.Debug|x86.Build.0 = Debug|Win32
		{AF019657-B45E-4FA0-B7AC-83CCDA7AAAEA}.Release|ARM.ActiveCfg = Release|ARM
		{AF019657-B45E-4FA0-B7AC-83CCDA7AAAEA}.Release|ARM.Build.0 = Release|ARM
		{AF019657-B45E-4FA0-B7AC-83CCDA7AAAEA}.Release|x64.ActiveCfg = Release|x64
		{AF019657-B45E-4FA0-B7AC-83CCDA7AAAEA}.Release|x64.Build.0 = Release|x64
		{AF019657-B45E-4FA0-B7AC-83CCDA7AAAEA}.Release|x86.ActiveCfg = Release|Win32
		{AF019657-B45E-4FA0-B7AC-83CCDA7AAAEA}.Release|x86.Build.0 = Release|Win32
		{C8FDD90F-36A8-4720-8FA3-A7787F38C4CE}.Check|ARM.ActiveCfg = Check|ARM
		{C8FDD90F-36A8-4720-8FA3-A7787F38C4CE}.Check|ARM.Build.0 = Check|ARM
		{C8FDD90F-36A8-4720-8FA3-A7787F38C4CE}.Check|x64.ActiveCfg = Check|x64
		{C8FDD90F-36A8-4720-8FA3-A7787F38C4CE}.Check|x64.Build.0 = Check|x64
		{C8FDD90F-36A8-4720-8FA3-A7787F38C4CE}.Check|x86.ActiveCfg = Check|Win32
		{C8FDD90F-36A8-4720-8FA3-A7787F38C4CE}.Check|x86.Build.0 = Check|Win32
		{C8FDD90F-36A8-4720-8FA3-A7787F38C4CE}.Debug|ARM.ActiveCfg = Debug|ARM
		{C8FDD90F-36A8-4720-8FA3-A7787F38C4CE}.Debug|ARM.Build.0 = Debug|ARM
		{C8FDD90F-36A8-4720-8FA3-A7787F38C4CE}.Debug|x64.ActiveCfg = Debug|x64
		{C8FDD90F-36A8-4720-8FA3-A7787F38C4CE}.Debug|x64.Build.0 = Debug|x64
		{C8FDD90F-36A8-4720-8FA3-A7787F38C4CE}.Debug|x86.ActiveCfg = Debug|Win32
		{C8FDD90F-36A8-4720-8FA3-A7787F38C4CE}.Debug|x86.Build.0 = Debug|Win32
		{C8FDD90F-36A8-4720-8FA3-A7787F38C4CE}.Release|ARM.ActiveCfg = Release|ARM
		{C8FDD90F-36A8-4720-8FA3-A7787F38C4CE}.Release|ARM.Build.0 = Release|ARM
		{C8FDD90F-36A8-4720-8FA3-A7787F38C4CE}.Release|x64.ActiveCfg = Release|x64
		{C8FDD90F-36A8-4720-8FA3-A7787F38C4CE}.Release|x64.Build.0 = Release|x64
		{C8FDD90F-36A8-4720-8FA3-A7787F38C4CE}.Release|x86.ActiveCfg = Release|Win32
		{C8FDD90F-36A8-4720-8FA3-A7787F38C4CE}.Release|x86.Build.0 = Release|Win32
	EndGlobalSection
	GlobalSection(SolutionProperties) = preSolution
		HideSolutionNode = FALSE
	EndGlobalSection
EndGlobal
