<?xml version="1.0" encoding="utf-8"?>
<Project ToolsVersion="4.0" xmlns="http://schemas.microsoft.com/developer/msbuild/2003">
  <ItemGroup>
    <Filter Include="Source Files">
      <UniqueIdentifier>{4FC737F1-C7A5-4376-A066-2A32D752A2FF}</UniqueIdentifier>
      <Extensions>cpp;c;cc;cxx;def;odl;idl;hpj;bat;asm;asmx</Extensions>
    </Filter>
    <Filter Include="Header Files">
      <UniqueIdentifier>{93995380-89BD-4b04-88EB-625FBE52EBFB}</UniqueIdentifier>
      <Extensions>h;hpp;hxx;hm;inl;inc;xsd</Extensions>
    </Filter>
    <Filter Include="Resource Files">
      <UniqueIdentifier>{67DA6AB6-F800-4c08-8B7A-83BB121AAD01}</UniqueIdentifier>
      <Extensions>rc;ico;cur;bmp;dlg;rc2;rct;bin;rgs;gif;jpg;jpeg;jpe;resx;tiff;tif;png;wav;mfcribbon-ms</Extensions>
    </Filter>
    <Filter Include="protobuf">
      <UniqueIdentifier>{9e53c875-de34-4477-9b9e-358f96d6f981}</UniqueIdentifier>
    </Filter>
    <Filter Include="protobuf\cpp">
      <UniqueIdentifier>{b4e0fae3-37e2-4bc6-afb5-a098d79bea0b}</UniqueIdentifier>
    </Filter>
  </ItemGroup>
  <ItemGroup>
    <ClCompile Include="MessageBase.cpp">
      <Filter>Source Files</Filter>
    </ClCompile>
    <ClCompile Include="StreetGangApi.cpp">
      <Filter>Source Files</Filter>
    </ClCompile>
    <ClCompile Include="RequestByebye.cpp">
      <Filter>Source Files</Filter>
    </ClCompile>
    <ClCompile Include="RequestCreateWorld.cpp">
      <Filter>Source Files</Filter>
    </ClCompile>
    <ClCompile Include="RequestGetScene.cpp">
      <Filter>Source Files</Filter>
    </ClCompile>
    <ClCompile Include="RequestGetVersion.cpp">
      <Filter>Source Files</Filter>
    </ClCompile>
    <ClCompile Include="ResponseCreateWorld.cpp">
      <Filter>Source Files</Filter>
    </ClCompile>
    <ClCompile Include="ResponseError.cpp">
      <Filter>Source Files</Filter>
    </ClCompile>
    <ClCompile Include="ResponseGetScene.cpp">
      <Filter>Source Files</Filter>
    </ClCompile>
    <ClCompile Include="ResponseGetVersion.cpp">
      <Filter>Source Files</Filter>
    </ClCompile>
    <ClCompile Include="protobuf\cpp\CreateWorldRequest.pb.cc">
      <Filter>protobuf\cpp</Filter>
    </ClCompile>
    <ClCompile Include="protobuf\cpp\CreateWorldResponse.pb.cc">
      <Filter>protobuf\cpp</Filter>
    </ClCompile>
    <ClCompile Include="protobuf\cpp\ErrorResponse.pb.cc">
      <Filter>protobuf\cpp</Filter>
    </ClCompile>
    <ClCompile Include="protobuf\cpp\GetSceneRequest.pb.cc">
      <Filter>protobuf\cpp</Filter>
    </ClCompile>
    <ClCompile Include="protobuf\cpp\GetSceneResponse.pb.cc">
      <Filter>protobuf\cpp</Filter>
    </ClCompile>
    <ClCompile Include="protobuf\cpp\GetVersionResponse.pb.cc">
      <Filter>protobuf\cpp</Filter>
    </ClCompile>
    <ClCompile Include="protobuf\cpp\MessageHeader.pb.cc">
      <Filter>protobuf\cpp</Filter>
    </ClCompile>
    <ClCompile Include="protobuf\cpp\Point.pb.cc">
      <Filter>protobuf\cpp</Filter>
    </ClCompile>
    <ClCompile Include="protobuf\cpp\Rectangle.pb.cc">
      <Filter>protobuf\cpp</Filter>
    </ClCompile>
    <ClCompile Include="StreetGangMessageResponseEncoder.cpp">
      <Filter>Source Files</Filter>
    </ClCompile>
    <ClCompile Include="StreetGangPBResponseEncoder.cpp">
      <Filter>Source Files</Filter>
    </ClCompile>
    <ClCompile Include="StreetGangMessageRequestEncoder.cpp">
      <Filter>Source Files</Filter>
    </ClCompile>
    <ClCompile Include="StreetGangPBRequestEncoder.cpp">
      <Filter>Source Files</Filter>
    </ClCompile>
    <ClCompile Include="StreetGangRestResponseJsonEncoder.cpp">
      <Filter>Source Files</Filter>
    </ClCompile>
    <ClCompile Include="StreetGangRestResponseTextEncoder.cpp">
      <Filter>Source Files</Filter>
    </ClCompile>
  </ItemGroup>
  <ItemGroup>
    <ClInclude Include="Point.h">
      <Filter>Header Files</Filter>
    </ClInclude>
    <ClInclude Include="Rectangle.h">
      <Filter>Header Files</Filter>
    </ClInclude>
    <ClInclude Include="MessageBase.h">
      <Filter>Header Files</Filter>
    </ClInclude>
    <ClInclude Include="StreetGangApi.h">
      <Filter>Header Files</Filter>
    </ClInclude>
    <ClInclude Include="StreetGangIds.h">
      <Filter>Header Files</Filter>
    </ClInclude>
    <ClInclude Include="ResponseGetVersion.h">
      <Filter>Header Files</Filter>
    </ClInclude>
    <ClInclude Include="ResponseError.h">
      <Filter>Header Files</Filter>
    </ClInclude>
    <ClInclude Include="ResponseCreateWorld.h">
      <Filter>Header Files</Filter>
    </ClInclude>
    <ClInclude Include="RequestGetVersion.h">
      <Filter>Header Files</Filter>
    </ClInclude>
    <ClInclude Include="RequestGetScene.h">
      <Filter>Header Files</Filter>
    </ClInclude>
    <ClInclude Include="RequestCreateWorld.h">
      <Filter>Header Files</Filter>
    </ClInclude>
    <ClInclude Include="RequestByebye.h">
      <Filter>Header Files</Filter>
    </ClInclude>
    <ClInclude Include="ResponseGetScene.h">
      <Filter>Header Files</Filter>
    </ClInclude>
    <ClInclude Include="protobuf\cpp\CreateWorldRequest.pb.h">
      <Filter>protobuf\cpp</Filter>
    </ClInclude>
    <ClInclude Include="protobuf\cpp\CreateWorldResponse.pb.h">
      <Filter>protobuf\cpp</Filter>
    </ClInclude>
    <ClInclude Include="protobuf\cpp\ErrorResponse.pb.h">
      <Filter>protobuf\cpp</Filter>
    </ClInclude>
    <ClInclude Include="protobuf\cpp\GetSceneRequest.pb.h">
      <Filter>protobuf\cpp</Filter>
    </ClInclude>
    <ClInclude Include="protobuf\cpp\GetSceneResponse.pb.h">
      <Filter>protobuf\cpp</Filter>
    </ClInclude>
    <ClInclude Include="protobuf\cpp\GetVersionResponse.pb.h">
      <Filter>protobuf\cpp</Filter>
    </ClInclude>
    <ClInclude Include="protobuf\cpp\MessageHeader.pb.h">
      <Filter>protobuf\cpp</Filter>
    </ClInclude>
    <ClInclude Include="protobuf\cpp\Point.pb.h">
      <Filter>protobuf\cpp</Filter>
    </ClInclude>
    <ClInclude Include="protobuf\cpp\Rectangle.pb.h">
      <Filter>protobuf\cpp</Filter>
    </ClInclude>
    <ClInclude Include="SessionId.h">
      <Filter>Header Files</Filter>
    </ClInclude>
    <ClInclude Include="StreetGangRequestEncoder.h">
      <Filter>Header Files</Filter>
    </ClInclude>
    <ClInclude Include="StreetGangResponseEncoder.h">
      <Filter>Header Files</Filter>
    </ClInclude>
    <ClInclude Include="StreetGangMessageResponseEncoder.h">
      <Filter>Header Files</Filter>
    </ClInclude>
    <ClInclude Include="StreetGangPBResponseEncoder.h">
      <Filter>Header Files</Filter>
    </ClInclude>
    <ClInclude Include="StreetGangMessageRequestEncoder.h">
      <Filter>Header Files</Filter>
    </ClInclude>
    <ClInclude Include="StreetGangPBRequestEncoder.h">
      <Filter>Header Files</Filter>
    </ClInclude>
    <ClInclude Include="StreetGangRestResponseJsonEncoder.h">
      <Filter>Header Files</Filter>
    </ClInclude>
    <ClInclude Include="StreetGangRestResponseTextEncoder.h">
      <Filter>Header Files</Filter>
    </ClInclude>
  </ItemGroup>
  <ItemGroup>
    <CustomBuild Include="protobuf\CreateWorldRequest.proto">
      <Filter>protobuf</Filter>
    </CustomBuild>
    <CustomBuild Include="protobuf\CreateWorldResponse.proto">
      <Filter>protobuf</Filter>
    </CustomBuild>
    <CustomBuild Include="protobuf\ErrorResponse.proto">
      <Filter>protobuf</Filter>
    </CustomBuild>
    <CustomBuild Include="protobuf\GetSceneRequest.proto">
      <Filter>protobuf</Filter>
    </CustomBuild>
    <CustomBuild Include="protobuf\GetSceneResponse.proto">
      <Filter>protobuf</Filter>
    </CustomBuild>
    <CustomBuild Include="protobuf\GetVersionResponse.proto">
      <Filter>protobuf</Filter>
    </CustomBuild>
    <CustomBuild Include="protobuf\MessageHeader.proto">
      <Filter>protobuf</Filter>
    </CustomBuild>
    <CustomBuild Include="protobuf\Point.proto">
      <Filter>protobuf</Filter>
    </CustomBuild>
    <CustomBuild Include="protobuf\Rectangle.proto">
      <Filter>protobuf</Filter>
    </CustomBuild>
  </ItemGroup>
</Project>