<?xml version="1.0" encoding="utf-8"?>
<Project ToolsVersion="4.0" xmlns="http://schemas.microsoft.com/developer/msbuild/2003">
  <ItemGroup>
    <Filter Include="Source Files">
      <UniqueIdentifier>{4FC737F1-C7A5-4376-A066-2A32D752A2FF}</UniqueIdentifier>
      <Extensions>cpp;c;cc;cxx;def;odl;idl;hpj;bat;asm;asmx</Extensions>
    </Filter>
    <Filter Include="Header Files">
      <UniqueIdentifier>{93995380-89BD-4b04-88EB-625FBE52EBFB}</UniqueIdentifier>
      <Extensions>h;hh;hpp;hxx;hm;inl;inc;xsd</Extensions>
    </Filter>
    <Filter Include="Resource Files">
      <UniqueIdentifier>{67DA6AB6-F800-4c08-8B7A-83BB121AAD01}</UniqueIdentifier>
      <Extensions>rc;ico;cur;bmp;dlg;rc2;rct;bin;rgs;gif;jpg;jpeg;jpe;resx;tiff;tif;png;wav;mfcribbon-ms</Extensions>
    </Filter>
    <Filter Include="Test Files">
      <UniqueIdentifier>{2f955847-291d-4e17-bd82-52afc90f1d6e}</UniqueIdentifier>
    </Filter>
  </ItemGroup>
  <ItemGroup>
    <ClCompile Include="test\test_main.cpp">
      <Filter>Test Files</Filter>
    </ClCompile>
    <ClCompile Include="test\UuidTest.cpp">
      <Filter>Test Files</Filter>
    </ClCompile>
    <ClCompile Include="src\BinarySerializer.cpp">
      <Filter>Source Files</Filter>
    </ClCompile>
    <ClCompile Include="src\Client.cpp">
      <Filter>Source Files</Filter>
    </ClCompile>
    <ClCompile Include="src\ConfigurationXml.cpp">
      <Filter>Source Files</Filter>
    </ClCompile>
    <ClCompile Include="src\Connection.cpp">
      <Filter>Source Files</Filter>
    </ClCompile>
    <ClCompile Include="src\Dispatcher.cpp">
      <Filter>Source Files</Filter>
    </ClCompile>
    <ClCompile Include="src\LoggerSingleton.cpp">
      <Filter>Source Files</Filter>
    </ClCompile>
    <ClCompile Include="src\Message.cpp">
      <Filter>Source Files</Filter>
    </ClCompile>
    <ClCompile Include="src\NetworkUtility.cpp">
      <Filter>Source Files</Filter>
    </ClCompile>
    <ClCompile Include="src\Profile.cpp">
      <Filter>Source Files</Filter>
    </ClCompile>
    <ClCompile Include="src\Reactor.cpp">
      <Filter>Source Files</Filter>
    </ClCompile>
    <ClCompile Include="src\RestFileResponse.cpp">
      <Filter>Source Files</Filter>
    </ClCompile>
    <ClCompile Include="src\RestRequest.cpp">
      <Filter>Source Files</Filter>
    </ClCompile>
    <ClCompile Include="src\RestResponse.cpp">
      <Filter>Source Files</Filter>
    </ClCompile>
    <ClCompile Include="src\RestService.cpp">
      <Filter>Source Files</Filter>
    </ClCompile>
    <ClCompile Include="src\SecureTcpSocket.cpp">
      <Filter>Source Files</Filter>
    </ClCompile>
    <ClCompile Include="src\Serializer.cpp">
      <Filter>Source Files</Filter>
    </ClCompile>
    <ClCompile Include="src\Socket.cpp">
      <Filter>Source Files</Filter>
    </ClCompile>
    <ClCompile Include="src\StringSerializer.cpp">
      <Filter>Source Files</Filter>
    </ClCompile>
    <ClCompile Include="src\StringUtility.cpp">
      <Filter>Source Files</Filter>
    </ClCompile>
    <ClCompile Include="src\Task.cpp">
      <Filter>Source Files</Filter>
    </ClCompile>
    <ClCompile Include="src\TaskManager.cpp">
      <Filter>Source Files</Filter>
    </ClCompile>
    <ClCompile Include="src\TaskManagerSingleton.cpp">
      <Filter>Source Files</Filter>
    </ClCompile>
    <ClCompile Include="src\TaskQueue.cpp">
      <Filter>Source Files</Filter>
    </ClCompile>
    <ClCompile Include="src\TcpConnection.cpp">
      <Filter>Source Files</Filter>
    </ClCompile>
    <ClCompile Include="src\TcpSocket.cpp">
      <Filter>Source Files</Filter>
    </ClCompile>
    <ClCompile Include="src\ThreadPool.cpp">
      <Filter>Source Files</Filter>
    </ClCompile>
    <ClCompile Include="src\UdpConnection.cpp">
      <Filter>Source Files</Filter>
    </ClCompile>
    <ClCompile Include="src\UdpSocket.cpp">
      <Filter>Source Files</Filter>
    </ClCompile>
    <ClCompile Include="src\Uuid.cpp">
      <Filter>Source Files</Filter>
    </ClCompile>
    <ClCompile Include="..\tools\http-parser\http_parser.c">
      <Filter>Source Files</Filter>
    </ClCompile>
    <ClCompile Include="src\Endpoint.cpp">
      <Filter>Source Files</Filter>
    </ClCompile>
    <ClCompile Include="src\UdpEndpoint.cpp">
      <Filter>Source Files</Filter>
    </ClCompile>
    <ClCompile Include="src\TcpEndpoint.cpp">
      <Filter>Source Files</Filter>
    </ClCompile>
    <ClCompile Include="src\MessageRequester.cpp">
      <Filter>Source Files</Filter>
    </ClCompile>
    <ClCompile Include="src\MessageResponder.cpp">
      <Filter>Source Files</Filter>
    </ClCompile>
    <ClCompile Include="src\ConfigurationSingleton.cpp">
      <Filter>Source Files</Filter>
    </ClCompile>
    <ClCompile Include="test\RestDispatcherTest.cpp">
      <Filter>Test Files</Filter>
    </ClCompile>
    <ClCompile Include="test\RestResponseTest.cpp">
      <Filter>Test Files</Filter>
    </ClCompile>
    <ClCompile Include="src\RestDispatcher.cpp">
      <Filter>Source Files</Filter>
    </ClCompile>
    <ClCompile Include="src\RestMessage.cpp">
      <Filter>Source Files</Filter>
    </ClCompile>
    <ClCompile Include="src\TaskCategorizedQueue.cpp">
      <Filter>Source Files</Filter>
    </ClCompile>
    <ClCompile Include="src\Service.cpp">
      <Filter>Source Files</Filter>
    </ClCompile>
    <ClCompile Include="src\Application.cpp">
      <Filter>Source Files</Filter>
    </ClCompile>
  </ItemGroup>
  <ItemGroup>
    <ClInclude Include="src\BinarySerializer.h">
      <Filter>Header Files</Filter>
    </ClInclude>
    <ClInclude Include="src\Cancelable.h">
      <Filter>Header Files</Filter>
    </ClInclude>
    <ClInclude Include="src\Client.h">
      <Filter>Header Files</Filter>
    </ClInclude>
    <ClInclude Include="src\Common.h">
      <Filter>Header Files</Filter>
    </ClInclude>
    <ClInclude Include="src\Comparable.h">
      <Filter>Header Files</Filter>
    </ClInclude>
    <ClInclude Include="src\Configuration.h">
      <Filter>Header Files</Filter>
    </ClInclude>
    <ClInclude Include="src\ConfigurationXml.h">
      <Filter>Header Files</Filter>
    </ClInclude>
    <ClInclude Include="src\Connection.h">
      <Filter>Header Files</Filter>
    </ClInclude>
    <ClInclude Include="src\Dispatcher.h">
      <Filter>Header Files</Filter>
    </ClInclude>
    <ClInclude Include="src\Emittable.h">
      <Filter>Header Files</Filter>
    </ClInclude>
    <ClInclude Include="src\Endianness.h">
      <Filter>Header Files</Filter>
    </ClInclude>
    <ClInclude Include="src\Endpoint.h">
      <Filter>Header Files</Filter>
    </ClInclude>
    <ClInclude Include="src\Exception.h">
      <Filter>Header Files</Filter>
    </ClInclude>
    <ClInclude Include="src\HttpHeader.h">
      <Filter>Header Files</Filter>
    </ClInclude>
    <ClInclude Include="src\LoggerSingleton.h">
      <Filter>Header Files</Filter>
    </ClInclude>
    <ClInclude Include="src\MemoryTrack.h">
      <Filter>Header Files</Filter>
    </ClInclude>
    <ClInclude Include="src\Message.h">
      <Filter>Header Files</Filter>
    </ClInclude>
    <ClInclude Include="src\MessageDispatcher.h">
      <Filter>Header Files</Filter>
    </ClInclude>
    <ClInclude Include="src\MessageReactor.h">
      <Filter>Header Files</Filter>
    </ClInclude>
    <ClInclude Include="src\Microreactor.h">
      <Filter>Header Files</Filter>
    </ClInclude>
    <ClInclude Include="src\NetworkUtility.h">
      <Filter>Header Files</Filter>
    </ClInclude>
    <ClInclude Include="src\Profile.h">
      <Filter>Header Files</Filter>
    </ClInclude>
    <ClInclude Include="src\Property.h">
      <Filter>Header Files</Filter>
    </ClInclude>
    <ClInclude Include="src\Reactor.h">
      <Filter>Header Files</Filter>
    </ClInclude>
    <ClInclude Include="src\RestFileResponse.h">
      <Filter>Header Files</Filter>
    </ClInclude>
    <ClInclude Include="src\RestMessage.h">
      <Filter>Header Files</Filter>
    </ClInclude>
    <ClInclude Include="src\RestReactor.h">
      <Filter>Header Files</Filter>
    </ClInclude>
    <ClInclude Include="src\RestRequest.h">
      <Filter>Header Files</Filter>
    </ClInclude>
    <ClInclude Include="src\RestResponse.h">
      <Filter>Header Files</Filter>
    </ClInclude>
    <ClInclude Include="src\RestService.h">
      <Filter>Header Files</Filter>
    </ClInclude>
    <ClInclude Include="src\ScopeLock.h">
      <Filter>Header Files</Filter>
    </ClInclude>
    <ClInclude Include="src\SecureTcpSocket.h">
      <Filter>Header Files</Filter>
    </ClInclude>
    <ClInclude Include="src\Serializable.h">
      <Filter>Header Files</Filter>
    </ClInclude>
    <ClInclude Include="src\Serializer.h">
      <Filter>Header Files</Filter>
    </ClInclude>
    <ClInclude Include="src\Shareable.h">
      <Filter>Header Files</Filter>
    </ClInclude>
    <ClInclude Include="src\Socket.h">
      <Filter>Header Files</Filter>
    </ClInclude>
    <ClInclude Include="src\StringSerializer.h">
      <Filter>Header Files</Filter>
    </ClInclude>
    <ClInclude Include="src\StringUtility.h">
      <Filter>Header Files</Filter>
    </ClInclude>
    <ClInclude Include="src\Task.h">
      <Filter>Header Files</Filter>
    </ClInclude>
    <ClInclude Include="src\TaskFuture.h">
      <Filter>Header Files</Filter>
    </ClInclude>
    <ClInclude Include="src\TaskManager.h">
      <Filter>Header Files</Filter>
    </ClInclude>
    <ClInclude Include="src\TaskManagerSingleton.h">
      <Filter>Header Files</Filter>
    </ClInclude>
    <ClInclude Include="src\TaskProcessHook.h">
      <Filter>Header Files</Filter>
    </ClInclude>
    <ClInclude Include="src\TaskQueue.h">
      <Filter>Header Files</Filter>
    </ClInclude>
    <ClInclude Include="src\TcpConnection.h">
      <Filter>Header Files</Filter>
    </ClInclude>
    <ClInclude Include="src\TcpEndpoint.h">
      <Filter>Header Files</Filter>
    </ClInclude>
    <ClInclude Include="src\TcpSocket.h">
      <Filter>Header Files</Filter>
    </ClInclude>
    <ClInclude Include="src\ThreadPool.h">
      <Filter>Header Files</Filter>
    </ClInclude>
    <ClInclude Include="src\UdpConnection.h">
      <Filter>Header Files</Filter>
    </ClInclude>
    <ClInclude Include="src\UdpEndpoint.h">
      <Filter>Header Files</Filter>
    </ClInclude>
    <ClInclude Include="src\UdpSocket.h">
      <Filter>Header Files</Filter>
    </ClInclude>
    <ClInclude Include="src\UriCodec.h">
      <Filter>Header Files</Filter>
    </ClInclude>
    <ClInclude Include="src\Uuid.h">
      <Filter>Header Files</Filter>
    </ClInclude>
    <ClInclude Include="src\MessageRequester.h">
      <Filter>Header Files</Filter>
    </ClInclude>
    <ClInclude Include="src\MessageResponder.h">
      <Filter>Header Files</Filter>
    </ClInclude>
    <ClInclude Include="src\ConfigurationSingleton.h">
      <Filter>Header Files</Filter>
    </ClInclude>
    <ClInclude Include="src\Park.h">
      <Filter>Header Files</Filter>
    </ClInclude>
    <ClInclude Include="src\Parkable.h">
      <Filter>Header Files</Filter>
    </ClInclude>
    <ClInclude Include="src\RestDispatcher.h">
      <Filter>Header Files</Filter>
    </ClInclude>
    <ClInclude Include="src\TaskCategorizedQueue.h">
      <Filter>Header Files</Filter>
    </ClInclude>
    <ClInclude Include="src\Service.h">
      <Filter>Header Files</Filter>
    </ClInclude>
    <ClInclude Include="src\Application.h">
      <Filter>Header Files</Filter>
    </ClInclude>
  </ItemGroup>
</Project>