Microsoft Visual Studio Solution File, Format Version 12.00
# Visual Studio 14
Project("{8BC9CEB8-8B4A-11D0-8D11-00A0C91BC942}") = "ALL_BUILD", "ALL_BUILD.vcxproj", "{409DD941-0405-37CE-A071-84919F65EC75}"
	ProjectSection(ProjectDependencies) = postProject
		{661770BA-F9D0-31E7-854C-AE39FA95401F} = {661770BA-F9D0-31E7-854C-AE39FA95401F}
		{DBB5BA08-0D5C-3810-866C-E1381557D2D4} = {DBB5BA08-0D5C-3810-866C-E1381557D2D4}
		{82ED14B4-47B5-3B53-B6C3-3FCB1F45A043} = {82ED14B4-47B5-3B53-B6C3-3FCB1F45A043}
		{ED9785D6-E29E-3352-ADAF-38062CF4ECDA} = {ED9785D6-E29E-3352-ADAF-38062CF4ECDA}
		{3F00D0F0-10EE-3940-A79B-FDC462FBF378} = {3F00D0F0-10EE-3940-A79B-FDC462FBF378}
	EndProjectSection
EndProject
Project("{8BC9CEB8-8B4A-11D0-8D11-00A0C91BC942}") = "INSTALL", "INSTALL.vcxproj", "{30FD4836-3B4F-3A3A-900D-EA34EB92F16B}"
	ProjectSection(ProjectDependencies) = postProject
		{409DD941-0405-37CE-A071-84919F65EC75} = {409DD941-0405-37CE-A071-84919F65EC75}
		{661770BA-F9D0-31E7-854C-AE39FA95401F} = {661770BA-F9D0-31E7-854C-AE39FA95401F}
	EndProjectSection
EndProject
Project("{8BC9CEB8-8B4A-11D0-8D11-00A0C91BC942}") = "RUN_TESTS", "RUN_TESTS.vcxproj", "{EDDEFFE8-DDB0-34A7-9CEE-87B2D9C1F67F}"
	ProjectSection(ProjectDependencies) = postProject
		{661770BA-F9D0-31E7-854C-AE39FA95401F} = {661770BA-F9D0-31E7-854C-AE39FA95401F}
	EndProjectSection
EndProject
Project("{8BC9CEB8-8B4A-11D0-8D11-00A0C91BC942}") = "ZERO_CHECK", "..\\ZERO_CHECK.vcxproj", "{661770BA-F9D0-31E7-854C-AE39FA95401F}"
	ProjectSection(ProjectDependencies) = postProject
	EndProjectSection
EndProject
Project("{8BC9CEB8-8B4A-11D0-8D11-00A0C91BC942}") = "gmock", "gmock.vcxproj", "{DBB5BA08-0D5C-3810-866C-E1381557D2D4}"
	ProjectSection(ProjectDependencies) = postProject
		{661770BA-F9D0-31E7-854C-AE39FA95401F} = {661770BA-F9D0-31E7-854C-AE39FA95401F}
	EndProjectSection
EndProject
Project("{8BC9CEB8-8B4A-11D0-8D11-00A0C91BC942}") = "gmock_main", "gmock_main.vcxproj", "{82ED14B4-47B5-3B53-B6C3-3FCB1F45A043}"
	ProjectSection(ProjectDependencies) = postProject
		{661770BA-F9D0-31E7-854C-AE39FA95401F} = {661770BA-F9D0-31E7-854C-AE39FA95401F}
	EndProjectSection
EndProject
Project("{8BC9CEB8-8B4A-11D0-8D11-00A0C91BC942}") = "gtest", "gtest\gtest.vcxproj", "{ED9785D6-E29E-3352-ADAF-38062CF4ECDA}"
	ProjectSection(ProjectDependencies) = postProject
		{661770BA-F9D0-31E7-854C-AE39FA95401F} = {661770BA-F9D0-31E7-854C-AE39FA95401F}
	EndProjectSection
EndProject
Project("{8BC9CEB8-8B4A-11D0-8D11-00A0C91BC942}") = "gtest_main", "gtest\gtest_main.vcxproj", "{3F00D0F0-10EE-3940-A79B-FDC462FBF378}"
	ProjectSection(ProjectDependencies) = postProject
		{661770BA-F9D0-31E7-854C-AE39FA95401F} = {661770BA-F9D0-31E7-854C-AE39FA95401F}
		{ED9785D6-E29E-3352-ADAF-38062CF4ECDA} = {ED9785D6-E29E-3352-ADAF-38062CF4ECDA}
	EndProjectSection
EndProject
Global
	GlobalSection(SolutionConfigurationPlatforms) = preSolution
		Debug|x64 = Debug|x64
		Release|x64 = Release|x64
		MinSizeRel|x64 = MinSizeRel|x64
		RelWithDebInfo|x64 = RelWithDebInfo|x64
	EndGlobalSection
	GlobalSection(ProjectConfigurationPlatforms) = postSolution
		{409DD941-0405-37CE-A071-84919F65EC75}.Debug|x64.ActiveCfg = Debug|x64
		{409DD941-0405-37CE-A071-84919F65EC75}.Debug|x64.Build.0 = Debug|x64
		{409DD941-0405-37CE-A071-84919F65EC75}.Release|x64.ActiveCfg = Release|x64
		{409DD941-0405-37CE-A071-84919F65EC75}.Release|x64.Build.0 = Release|x64
		{409DD941-0405-37CE-A071-84919F65EC75}.MinSizeRel|x64.ActiveCfg = MinSizeRel|x64
		{409DD941-0405-37CE-A071-84919F65EC75}.MinSizeRel|x64.Build.0 = MinSizeRel|x64
		{409DD941-0405-37CE-A071-84919F65EC75}.RelWithDebInfo|x64.ActiveCfg = RelWithDebInfo|x64
		{409DD941-0405-37CE-A071-84919F65EC75}.RelWithDebInfo|x64.Build.0 = RelWithDebInfo|x64
		{30FD4836-3B4F-3A3A-900D-EA34EB92F16B}.Debug|x64.ActiveCfg = Debug|x64
		{30FD4836-3B4F-3A3A-900D-EA34EB92F16B}.Release|x64.ActiveCfg = Release|x64
		{30FD4836-3B4F-3A3A-900D-EA34EB92F16B}.MinSizeRel|x64.ActiveCfg = MinSizeRel|x64
		{30FD4836-3B4F-3A3A-900D-EA34EB92F16B}.RelWithDebInfo|x64.ActiveCfg = RelWithDebInfo|x64
		{EDDEFFE8-DDB0-34A7-9CEE-87B2D9C1F67F}.Debug|x64.ActiveCfg = Debug|x64
		{EDDEFFE8-DDB0-34A7-9CEE-87B2D9C1F67F}.Release|x64.ActiveCfg = Release|x64
		{EDDEFFE8-DDB0-34A7-9CEE-87B2D9C1F67F}.MinSizeRel|x64.ActiveCfg = MinSizeRel|x64
		{EDDEFFE8-DDB0-34A7-9CEE-87B2D9C1F67F}.RelWithDebInfo|x64.ActiveCfg = RelWithDebInfo|x64
		{661770BA-F9D0-31E7-854C-AE39FA95401F}.Debug|x64.ActiveCfg = Debug|x64
		{661770BA-F9D0-31E7-854C-AE39FA95401F}.Debug|x64.Build.0 = Debug|x64
		{661770BA-F9D0-31E7-854C-AE39FA95401F}.Release|x64.ActiveCfg = Release|x64
		{661770BA-F9D0-31E7-854C-AE39FA95401F}.Release|x64.Build.0 = Release|x64
		{661770BA-F9D0-31E7-854C-AE39FA95401F}.MinSizeRel|x64.ActiveCfg = MinSizeRel|x64
		{661770BA-F9D0-31E7-854C-AE39FA95401F}.MinSizeRel|x64.Build.0 = MinSizeRel|x64
		{661770BA-F9D0-31E7-854C-AE39FA95401F}.RelWithDebInfo|x64.ActiveCfg = RelWithDebInfo|x64
		{661770BA-F9D0-31E7-854C-AE39FA95401F}.RelWithDebInfo|x64.Build.0 = RelWithDebInfo|x64
		{DBB5BA08-0D5C-3810-866C-E1381557D2D4}.Debug|x64.ActiveCfg = Debug|x64
		{DBB5BA08-0D5C-3810-866C-E1381557D2D4}.Debug|x64.Build.0 = Debug|x64
		{DBB5BA08-0D5C-3810-866C-E1381557D2D4}.Release|x64.ActiveCfg = Release|x64
		{DBB5BA08-0D5C-3810-866C-E1381557D2D4}.Release|x64.Build.0 = Release|x64
		{DBB5BA08-0D5C-3810-866C-E1381557D2D4}.MinSizeRel|x64.ActiveCfg = MinSizeRel|x64
		{DBB5BA08-0D5C-3810-866C-E1381557D2D4}.MinSizeRel|x64.Build.0 = MinSizeRel|x64
		{DBB5BA08-0D5C-3810-866C-E1381557D2D4}.RelWithDebInfo|x64.ActiveCfg = RelWithDebInfo|x64
		{DBB5BA08-0D5C-3810-866C-E1381557D2D4}.RelWithDebInfo|x64.Build.0 = RelWithDebInfo|x64
		{82ED14B4-47B5-3B53-B6C3-3FCB1F45A043}.Debug|x64.ActiveCfg = Debug|x64
		{82ED14B4-47B5-3B53-B6C3-3FCB1F45A043}.Debug|x64.Build.0 = Debug|x64
		{82ED14B4-47B5-3B53-B6C3-3FCB1F45A043}.Release|x64.ActiveCfg = Release|x64
		{82ED14B4-47B5-3B53-B6C3-3FCB1F45A043}.Release|x64.Build.0 = Release|x64
		{82ED14B4-47B5-3B53-B6C3-3FCB1F45A043}.MinSizeRel|x64.ActiveCfg = MinSizeRel|x64
		{82ED14B4-47B5-3B53-B6C3-3FCB1F45A043}.MinSizeRel|x64.Build.0 = MinSizeRel|x64
		{82ED14B4-47B5-3B53-B6C3-3FCB1F45A043}.RelWithDebInfo|x64.ActiveCfg = RelWithDebInfo|x64
		{82ED14B4-47B5-3B53-B6C3-3FCB1F45A043}.RelWithDebInfo|x64.Build.0 = RelWithDebInfo|x64
		{ED9785D6-E29E-3352-ADAF-38062CF4ECDA}.Debug|x64.ActiveCfg = Debug|x64
		{ED9785D6-E29E-3352-ADAF-38062CF4ECDA}.Debug|x64.Build.0 = Debug|x64
		{ED9785D6-E29E-3352-ADAF-38062CF4ECDA}.Release|x64.ActiveCfg = Release|x64
		{ED9785D6-E29E-3352-ADAF-38062CF4ECDA}.Release|x64.Build.0 = Release|x64
		{ED9785D6-E29E-3352-ADAF-38062CF4ECDA}.MinSizeRel|x64.ActiveCfg = MinSizeRel|x64
		{ED9785D6-E29E-3352-ADAF-38062CF4ECDA}.MinSizeRel|x64.Build.0 = MinSizeRel|x64
		{ED9785D6-E29E-3352-ADAF-38062CF4ECDA}.RelWithDebInfo|x64.ActiveCfg = RelWithDebInfo|x64
		{ED9785D6-E29E-3352-ADAF-38062CF4ECDA}.RelWithDebInfo|x64.Build.0 = RelWithDebInfo|x64
		{3F00D0F0-10EE-3940-A79B-FDC462FBF378}.Debug|x64.ActiveCfg = Debug|x64
		{3F00D0F0-10EE-3940-A79B-FDC462FBF378}.Debug|x64.Build.0 = Debug|x64
		{3F00D0F0-10EE-3940-A79B-FDC462FBF378}.Release|x64.ActiveCfg = Release|x64
		{3F00D0F0-10EE-3940-A79B-FDC462FBF378}.Release|x64.Build.0 = Release|x64
		{3F00D0F0-10EE-3940-A79B-FDC462FBF378}.MinSizeRel|x64.ActiveCfg = MinSizeRel|x64
		{3F00D0F0-10EE-3940-A79B-FDC462FBF378}.MinSizeRel|x64.Build.0 = MinSizeRel|x64
		{3F00D0F0-10EE-3940-A79B-FDC462FBF378}.RelWithDebInfo|x64.ActiveCfg = RelWithDebInfo|x64
		{3F00D0F0-10EE-3940-A79B-FDC462FBF378}.RelWithDebInfo|x64.Build.0 = RelWithDebInfo|x64
	EndGlobalSection
	GlobalSection(ExtensibilityGlobals) = postSolution
	EndGlobalSection
	GlobalSection(ExtensibilityAddIns) = postSolution
	EndGlobalSection
EndGlobal
